
Microsoft Visual Studio Solution File, Format Version 12.00
# Visual Studio Version 17
VisualStudioVersion = 17.7.34031.279
MinimumVisualStudioVersion = 10.0.40219.1
Project("{FAE04EC0-301F-11D3-BF4B-00C04F79EFBC}") = "Calculadora_MVVM_DGGR.Android", "Calculadora_MVVM_DGGR.Android\Calculadora_MVVM_DGGR.Android.csproj", "{F2DB5C2B-4353-48E1-BFF0-8EF078EBD645}"
EndProject
Project("{FAE04EC0-301F-11D3-BF4B-00C04F79EFBC}") = "Calculadora_MVVM_DGGR.iOS", "Calculadora_MVVM_DGGR.iOS\Calculadora_MVVM_DGGR.iOS.csproj", "{922EF0A1-C46E-4145-A70E-3C0ADF9DDB5A}"
EndProject
Project("{FAE04EC0-301F-11D3-BF4B-00C04F79EFBC}") = "Calculadora_MVVM_DGGR", "Calculadora_MVVM_DGGR\Calculadora_MVVM_DGGR.csproj", "{2442D8A4-3008-4632-8371-6A2396577789}"
EndProject
Global
	GlobalSection(SolutionConfigurationPlatforms) = preSolution
		Debug|Any CPU = Debug|Any CPU
		Debug|iPhone = Debug|iPhone
		Debug|iPhoneSimulator = Debug|iPhoneSimulator
		Release|Any CPU = Release|Any CPU
		Release|iPhone = Release|iPhone
		Release|iPhoneSimulator = Release|iPhoneSimulator
	EndGlobalSection
	GlobalSection(ProjectConfigurationPlatforms) = postSolution
		{F2DB5C2B-4353-48E1-BFF0-8EF078EBD645}.Debug|Any CPU.ActiveCfg = Debug|Any CPU
		{F2DB5C2B-4353-48E1-BFF0-8EF078EBD645}.Debug|Any CPU.Build.0 = Debug|Any CPU
		{F2DB5C2B-4353-48E1-BFF0-8EF078EBD645}.Debug|Any CPU.Deploy.0 = Debug|Any CPU
		{F2DB5C2B-4353-48E1-BFF0-8EF078EBD645}.Debug|iPhone.ActiveCfg = Debug|Any CPU
		{F2DB5C2B-4353-48E1-BFF0-8EF078EBD645}.Debug|iPhone.Build.0 = Debug|Any CPU
		{F2DB5C2B-4353-48E1-BFF0-8EF078EBD645}.Debug|iPhone.Deploy.0 = Debug|Any CPU
		{F2DB5C2B-4353-48E1-BFF0-8EF078EBD645}.Debug|iPhoneSimulator.ActiveCfg = Debug|Any CPU
		{F2DB5C2B-4353-48E1-BFF0-8EF078EBD645}.Debug|iPhoneSimulator.Build.0 = Debug|Any CPU
		{F2DB5C2B-4353-48E1-BFF0-8EF078EBD645}.Debug|iPhoneSimulator.Deploy.0 = Debug|Any CPU
		{F2DB5C2B-4353-48E1-BFF0-8EF078EBD645}.Release|Any CPU.ActiveCfg = Release|Any CPU
		{F2DB5C2B-4353-48E1-BFF0-8EF078EBD645}.Release|Any CPU.Build.0 = Release|Any CPU
		{F2DB5C2B-4353-48E1-BFF0-8EF078EBD645}.Release|Any CPU.Deploy.0 = Release|Any CPU
		{F2DB5C2B-4353-48E1-BFF0-8EF078EBD645}.Release|iPhone.ActiveCfg = Release|Any CPU
		{F2DB5C2B-4353-48E1-BFF0-8EF078EBD645}.Release|iPhone.Build.0 = Release|Any CPU
		{F2DB5C2B-4353-48E1-BFF0-8EF078EBD645}.Release|iPhone.Deploy.0 = Release|Any CPU
		{F2DB5C2B-4353-48E1-BFF0-8EF078EBD645}.Release|iPhoneSimulator.ActiveCfg = Release|Any CPU
		{F2DB5C2B-4353-48E1-BFF0-8EF078EBD645}.Release|iPhoneSimulator.Build.0 = Release|Any CPU
		{F2DB5C2B-4353-48E1-BFF0-8EF078EBD645}.Release|iPhoneSimulator.Deploy.0 = Release|Any CPU
		{922EF0A1-C46E-4145-A70E-3C0ADF9DDB5A}.Debug|Any CPU.ActiveCfg = Debug|iPhone
		{922EF0A1-C46E-4145-A70E-3C0ADF9DDB5A}.Debug|Any CPU.Build.0 = Debug|iPhone
		{922EF0A1-C46E-4145-A70E-3C0ADF9DDB5A}.Debug|Any CPU.Deploy.0 = Debug|iPhone
		{922EF0A1-C46E-4145-A70E-3C0ADF9DDB5A}.Debug|iPhone.ActiveCfg = Debug|iPhone
		{922EF0A1-C46E-4145-A70E-3C0ADF9DDB5A}.Debug|iPhone.Build.0 = Debug|iPhone
		{922EF0A1-C46E-4145-A70E-3C0ADF9DDB5A}.Debug|iPhone.Deploy.0 = Debug|iPhone
		{922EF0A1-C46E-4145-A70E-3C0ADF9DDB5A}.Debug|iPhoneSimulator.ActiveCfg = Debug|iPhoneSimulator
		{922EF0A1-C46E-4145-A70E-3C0ADF9DDB5A}.Debug|iPhoneSimulator.Build.0 = Debug|iPhoneSimulator
		{922EF0A1-C46E-4145-A70E-3C0ADF9DDB5A}.Debug|iPhoneSimulator.Deploy.0 = Debug|iPhoneSimulator
		{922EF0A1-C46E-4145-A70E-3C0ADF9DDB5A}.Release|Any CPU.ActiveCfg = Release|iPhoneSimulator
		{922EF0A1-C46E-4145-A70E-3C0ADF9DDB5A}.Release|Any CPU.Build.0 = Release|iPhoneSimulator
		{922EF0A1-C46E-4145-A70E-3C0ADF9DDB5A}.Release|Any CPU.Deploy.0 = Release|iPhoneSimulator
		{922EF0A1-C46E-4145-A70E-3C0ADF9DDB5A}.Release|iPhone.ActiveCfg = Release|iPhone
		{922EF0A1-C46E-4145-A70E-3C0ADF9DDB5A}.Release|iPhone.Build.0 = Release|iPhone
		{922EF0A1-C46E-4145-A70E-3C0ADF9DDB5A}.Release|iPhone.Deploy.0 = Release|iPhone
		{922EF0A1-C46E-4145-A70E-3C0ADF9DDB5A}.Release|iPhoneSimulator.ActiveCfg = Release|iPhoneSimulator
		{922EF0A1-C46E-4145-A70E-3C0ADF9DDB5A}.Release|iPhoneSimulator.Build.0 = Release|iPhoneSimulator
		{922EF0A1-C46E-4145-A70E-3C0ADF9DDB5A}.Release|iPhoneSimulator.Deploy.0 = Release|iPhoneSimulator
		{2442D8A4-3008-4632-8371-6A2396577789}.Debug|Any CPU.ActiveCfg = Debug|Any CPU
		{2442D8A4-3008-4632-8371-6A2396577789}.Debug|Any CPU.Build.0 = Debug|Any CPU
		{2442D8A4-3008-4632-8371-6A2396577789}.Debug|Any CPU.Deploy.0 = Debug|Any CPU
		{2442D8A4-3008-4632-8371-6A2396577789}.Debug|iPhone.ActiveCfg = Debug|Any CPU
		{2442D8A4-3008-4632-8371-6A2396577789}.Debug|iPhone.Build.0 = Debug|Any CPU
		{2442D8A4-3008-4632-8371-6A2396577789}.Debug|iPhone.Deploy.0 = Debug|Any CPU
		{2442D8A4-3008-4632-8371-6A2396577789}.Debug|iPhoneSimulator.ActiveCfg = Debug|Any CPU
		{2442D8A4-3008-4632-8371-6A2396577789}.Debug|iPhoneSimulator.Build.0 = Debug|Any CPU
		{2442D8A4-3008-4632-8371-6A2396577789}.Debug|iPhoneSimulator.Deploy.0 = Debug|Any CPU
		{2442D8A4-3008-4632-8371-6A2396577789}.Release|Any CPU.ActiveCfg = Release|Any CPU
		{2442D8A4-3008-4632-8371-6A2396577789}.Release|Any CPU.Build.0 = Release|Any CPU
		{2442D8A4-3008-4632-8371-6A2396577789}.Release|Any CPU.Deploy.0 = Release|Any CPU
		{2442D8A4-3008-4632-8371-6A2396577789}.Release|iPhone.ActiveCfg = Release|Any CPU
		{2442D8A4-3008-4632-8371-6A2396577789}.Release|iPhone.Build.0 = Release|Any CPU
		{2442D8A4-3008-4632-8371-6A2396577789}.Release|iPhone.Deploy.0 = Release|Any CPU
		{2442D8A4-3008-4632-8371-6A2396577789}.Release|iPhoneSimulator.ActiveCfg = Release|Any CPU
		{2442D8A4-3008-4632-8371-6A2396577789}.Release|iPhoneSimulator.Build.0 = Release|Any CPU
		{2442D8A4-3008-4632-8371-6A2396577789}.Release|iPhoneSimulator.Deploy.0 = Release|Any CPU
	EndGlobalSection
	GlobalSection(SolutionProperties) = preSolution
		HideSolutionNode = FALSE
	EndGlobalSection
	GlobalSection(ExtensibilityGlobals) = postSolution
		SolutionGuid = {BA596DE0-28F8-414E-AA00-9751055CBF32}
	EndGlobalSection
EndGlobal
